
Microsoft Visual Studio Solution File, Format Version 12.00
# Visual Studio Version 16
VisualStudioVersion = 16.0.31515.178
MinimumVisualStudioVersion = 10.0.40219.1
Project("{FAE04EC0-301F-11D3-BF4B-00C04F79EFBC}") = "BlogApp", "BlogApp\BlogApp.csproj", "{9C9A37C7-047F-427B-AC4F-77CCC68FB5BA}"
EndProject
Global
	GlobalSection(SolutionConfigurationPlatforms) = preSolution
		Debug|Any CPU = Debug|Any CPU
		Release|Any CPU = Release|Any CPU
	EndGlobalSection
	GlobalSection(ProjectConfigurationPlatforms) = postSolution
		{9C9A37C7-047F-427B-AC4F-77CCC68FB5BA}.Debug|Any CPU.ActiveCfg = Debug|Any CPU
		{9C9A37C7-047F-427B-AC4F-77CCC68FB5BA}.Debug|Any CPU.Build.0 = Debug|Any CPU
		{9C9A37C7-047F-427B-AC4F-77CCC68FB5BA}.Release|Any CPU.ActiveCfg = Release|Any CPU
		{9C9A37C7-047F-427B-AC4F-77CCC68FB5BA}.Release|Any CPU.Build.0 = Release|Any CPU
	EndGlobalSection
	GlobalSection(SolutionProperties) = preSolution
		HideSolutionNode = FALSE
	EndGlobalSection
	GlobalSection(ExtensibilityGlobals) = postSolution
		SolutionGuid = {A02C1B73-9426-47CA-A06C-F56A2768C771}
	EndGlobalSection
EndGlobal
